
Microsoft Visual Studio Solution File, Format Version 12.00
# Visual Studio 15
VisualStudioVersion = 15.0.27130.2010
MinimumVisualStudioVersion = 10.0.40219.1
Project("{FAE04EC0-301F-11D3-BF4B-00C04F79EFBC}") = "RESTService", "RESTService\RESTService.csproj", "{9D413EAE-B757-47B1-927E-AB62BC60DFBA}"
EndProject
Project("{FAE04EC0-301F-11D3-BF4B-00C04F79EFBC}") = "RESTConsumer", "RESTConsumer\RESTConsumer.csproj", "{B6FBDA9F-ACAA-4954-A2F2-228C68BC8B1A}"
EndProject
Global
	GlobalSection(SolutionConfigurationPlatforms) = preSolution
		Debug|Any CPU = Debug|Any CPU
		Release|Any CPU = Release|Any CPU
	EndGlobalSection
	GlobalSection(ProjectConfigurationPlatforms) = postSolution
		{9D413EAE-B757-47B1-927E-AB62BC60DFBA}.Debug|Any CPU.ActiveCfg = Debug|Any CPU
		{9D413EAE-B757-47B1-927E-AB62BC60DFBA}.Debug|Any CPU.Build.0 = Debug|Any CPU
		{9D413EAE-B757-47B1-927E-AB62BC60DFBA}.Release|Any CPU.ActiveCfg = Release|Any CPU
		{9D413EAE-B757-47B1-927E-AB62BC60DFBA}.Release|Any CPU.Build.0 = Release|Any CPU
		{B6FBDA9F-ACAA-4954-A2F2-228C68BC8B1A}.Debug|Any CPU.ActiveCfg = Debug|Any CPU
		{B6FBDA9F-ACAA-4954-A2F2-228C68BC8B1A}.Debug|Any CPU.Build.0 = Debug|Any CPU
		{B6FBDA9F-ACAA-4954-A2F2-228C68BC8B1A}.Release|Any CPU.ActiveCfg = Release|Any CPU
		{B6FBDA9F-ACAA-4954-A2F2-228C68BC8B1A}.Release|Any CPU.Build.0 = Release|Any CPU
	EndGlobalSection
	GlobalSection(SolutionProperties) = preSolution
		HideSolutionNode = FALSE
	EndGlobalSection
	GlobalSection(ExtensibilityGlobals) = postSolution
		SolutionGuid = {6C986D02-2169-4C04-8FFB-EF81C1C1DF28}
	EndGlobalSection
EndGlobal
